
Microsoft Visual Studio Solution File, Format Version 12.00
# Visual Studio Version 17
VisualStudioVersion = 17.3.32901.215
MinimumVisualStudioVersion = 10.0.40219.1
Project("{FAE04EC0-301F-11D3-BF4B-00C04F79EFBC}") = "BlazorShop_Server", "BlazorShop_Server\BlazorShop_Server.csproj", "{65138CAC-956F-48FB-A54A-CA65FC2545D2}"
EndProject
Project("{FAE04EC0-301F-11D3-BF4B-00C04F79EFBC}") = "BlazorShop_Client", "BlazorShop_Client\BlazorShop_Client.csproj", "{F018D267-01E9-4A57-B44E-4F9B64CCC4A3}"
EndProject
Project("{FAE04EC0-301F-11D3-BF4B-00C04F79EFBC}") = "Shop_Models", "Shop_Models\Shop_Models.csproj", "{A36F1056-1A15-40B2-942D-548C0A1CBC49}"
EndProject
Global
	GlobalSection(SolutionConfigurationPlatforms) = preSolution
		Debug|Any CPU = Debug|Any CPU
		Release|Any CPU = Release|Any CPU
	EndGlobalSection
	GlobalSection(ProjectConfigurationPlatforms) = postSolution
		{65138CAC-956F-48FB-A54A-CA65FC2545D2}.Debug|Any CPU.ActiveCfg = Debug|Any CPU
		{65138CAC-956F-48FB-A54A-CA65FC2545D2}.Debug|Any CPU.Build.0 = Debug|Any CPU
		{65138CAC-956F-48FB-A54A-CA65FC2545D2}.Release|Any CPU.ActiveCfg = Release|Any CPU
		{65138CAC-956F-48FB-A54A-CA65FC2545D2}.Release|Any CPU.Build.0 = Release|Any CPU
		{F018D267-01E9-4A57-B44E-4F9B64CCC4A3}.Debug|Any CPU.ActiveCfg = Debug|Any CPU
		{F018D267-01E9-4A57-B44E-4F9B64CCC4A3}.Debug|Any CPU.Build.0 = Debug|Any CPU
		{F018D267-01E9-4A57-B44E-4F9B64CCC4A3}.Release|Any CPU.ActiveCfg = Release|Any CPU
		{F018D267-01E9-4A57-B44E-4F9B64CCC4A3}.Release|Any CPU.Build.0 = Release|Any CPU
		{A36F1056-1A15-40B2-942D-548C0A1CBC49}.Debug|Any CPU.ActiveCfg = Debug|Any CPU
		{A36F1056-1A15-40B2-942D-548C0A1CBC49}.Debug|Any CPU.Build.0 = Debug|Any CPU
		{A36F1056-1A15-40B2-942D-548C0A1CBC49}.Release|Any CPU.ActiveCfg = Release|Any CPU
		{A36F1056-1A15-40B2-942D-548C0A1CBC49}.Release|Any CPU.Build.0 = Release|Any CPU
	EndGlobalSection
	GlobalSection(SolutionProperties) = preSolution
		HideSolutionNode = FALSE
	EndGlobalSection
	GlobalSection(ExtensibilityGlobals) = postSolution
		SolutionGuid = {A3CE9F7C-8B7C-4723-B96B-6238B07294FA}
	EndGlobalSection
EndGlobal
